// !$*UTF8*$!
{
	archiveVersion = 1;
	classes = {
	};
	objectVersion = 55;
	objects = {

/* Begin PBXBuildFile section */
		F805847F2813BB8F00982065 /* CheckBoxView.swift in Sources */ = {isa = PBXBuildFile; fileRef = F805847E2813BB8F00982065 /* CheckBoxView.swift */; };
		F81FD67528110EE400C86B6D /* ImpetusApp.swift in Sources */ = {isa = PBXBuildFile; fileRef = F81FD67428110EE400C86B6D /* ImpetusApp.swift */; };
		F81FD67728110EE400C86B6D /* ContentView.swift in Sources */ = {isa = PBXBuildFile; fileRef = F81FD67628110EE400C86B6D /* ContentView.swift */; };
		F81FD67C28110EE500C86B6D /* Preview Assets.xcassets in Resources */ = {isa = PBXBuildFile; fileRef = F81FD67B28110EE500C86B6D /* Preview Assets.xcassets */; };
		F81FD68628110EE500C86B6D /* ImpetusTests.swift in Sources */ = {isa = PBXBuildFile; fileRef = F81FD68528110EE500C86B6D /* ImpetusTests.swift */; };
		F81FD69028110EE500C86B6D /* ImpetusUITests.swift in Sources */ = {isa = PBXBuildFile; fileRef = F81FD68F28110EE500C86B6D /* ImpetusUITests.swift */; };
		F81FD69228110EE500C86B6D /* ImpetusUITestsLaunchTests.swift in Sources */ = {isa = PBXBuildFile; fileRef = F81FD69128110EE500C86B6D /* ImpetusUITestsLaunchTests.swift */; };
		F81FD6A028110F6400C86B6D /* Kingfisher in Frameworks */ = {isa = PBXBuildFile; productRef = F81FD69F28110F6400C86B6D /* Kingfisher */; };
		F81FD6A328110FA200C86B6D /* ProductRow.swift in Sources */ = {isa = PBXBuildFile; fileRef = F81FD6A228110FA200C86B6D /* ProductRow.swift */; };
		F81FD6A528110FE900C86B6D /* ProductDetail.swift in Sources */ = {isa = PBXBuildFile; fileRef = F81FD6A428110FE900C86B6D /* ProductDetail.swift */; };
		F81FD6AD2811108100C86B6D /* Model.swift in Sources */ = {isa = PBXBuildFile; fileRef = F81FD6AB2811108100C86B6D /* Model.swift */; };
		F81FD6AE2811108100C86B6D /* ApiService.swift in Sources */ = {isa = PBXBuildFile; fileRef = F81FD6AC2811108100C86B6D /* ApiService.swift */; };
		F81FD6B1281110D600C86B6D /* Assets.xcassets in Resources */ = {isa = PBXBuildFile; fileRef = F81FD6B0281110D600C86B6D /* Assets.xcassets */; };
		F81FD6B3281110F400C86B6D /* products.json in Resources */ = {isa = PBXBuildFile; fileRef = F81FD6B2281110F400C86B6D /* products.json */; };
		F8DA13082811144600858706 /* PlayfairDisplay-Bold.ttf in Resources */ = {isa = PBXBuildFile; fileRef = F8DA13062811144600858706 /* PlayfairDisplay-Bold.ttf */; };
		F8DA13092811144600858706 /* PlayfairDisplay-Regular.ttf in Resources */ = {isa = PBXBuildFile; fileRef = F8DA13072811144600858706 /* PlayfairDisplay-Regular.ttf */; };
		F8DA130B28112F9500858706 /* GoogleService-Info.plist in Resources */ = {isa = PBXBuildFile; fileRef = F8DA130A28112F9500858706 /* GoogleService-Info.plist */; };
		F8DA130E2811313300858706 /* FirebaseAnalytics in Frameworks */ = {isa = PBXBuildFile; productRef = F8DA130D2811313300858706 /* FirebaseAnalytics */; };
		F8DA13102811313300858706 /* FirebaseAuth in Frameworks */ = {isa = PBXBuildFile; productRef = F8DA130F2811313300858706 /* FirebaseAuth */; };
		F8DA13182811555700858706 /* AlertToast in Frameworks */ = {isa = PBXBuildFile; productRef = F8DA13172811555700858706 /* AlertToast */; };
/* End PBXBuildFile section */

/* Begin PBXContainerItemProxy section */
		F81FD68228110EE500C86B6D /* PBXContainerItemProxy */ = {
			isa = PBXContainerItemProxy;
			containerPortal = F81FD66928110EE400C86B6D /* Project object */;
			proxyType = 1;
			remoteGlobalIDString = F81FD67028110EE400C86B6D;
			remoteInfo = Impetus;
		};
		F81FD68C28110EE500C86B6D /* PBXContainerItemProxy */ = {
			isa = PBXContainerItemProxy;
			containerPortal = F81FD66928110EE400C86B6D /* Project object */;
			proxyType = 1;
			remoteGlobalIDString = F81FD67028110EE400C86B6D;
			remoteInfo = Impetus;
		};
/* End PBXContainerItemProxy section */

/* Begin PBXFileReference section */
		F805847E2813BB8F00982065 /* CheckBoxView.swift */ = {isa = PBXFileReference; lastKnownFileType = sourcecode.swift; path = CheckBoxView.swift; sourceTree = "<group>"; };
		F81FD67128110EE400C86B6D /* Impetus.app */ = {isa = PBXFileReference; explicitFileType = wrapper.application; includeInIndex = 0; path = Impetus.app; sourceTree = BUILT_PRODUCTS_DIR; };
		F81FD67428110EE400C86B6D /* ImpetusApp.swift */ = {isa = PBXFileReference; lastKnownFileType = sourcecode.swift; path = ImpetusApp.swift; sourceTree = "<group>"; };
		F81FD67628110EE400C86B6D /* ContentView.swift */ = {isa = PBXFileReference; lastKnownFileType = sourcecode.swift; path = ContentView.swift; sourceTree = "<group>"; };
		F81FD67B28110EE500C86B6D /* Preview Assets.xcassets */ = {isa = PBXFileReference; lastKnownFileType = folder.assetcatalog; path = "Preview Assets.xcassets"; sourceTree = "<group>"; };
		F81FD68128110EE500C86B6D /* ImpetusTests.xctest */ = {isa = PBXFileReference; explicitFileType = wrapper.cfbundle; includeInIndex = 0; path = ImpetusTests.xctest; sourceTree = BUILT_PRODUCTS_DIR; };
		F81FD68528110EE500C86B6D /* ImpetusTests.swift */ = {isa = PBXFileReference; lastKnownFileType = sourcecode.swift; path = ImpetusTests.swift; sourceTree = "<group>"; };
		F81FD68B28110EE500C86B6D /* ImpetusUITests.xctest */ = {isa = PBXFileReference; explicitFileType = wrapper.cfbundle; includeInIndex = 0; path = ImpetusUITests.xctest; sourceTree = BUILT_PRODUCTS_DIR; };
		F81FD68F28110EE500C86B6D /* ImpetusUITests.swift */ = {isa = PBXFileReference; lastKnownFileType = sourcecode.swift; path = ImpetusUITests.swift; sourceTree = "<group>"; };
		F81FD69128110EE500C86B6D /* ImpetusUITestsLaunchTests.swift */ = {isa = PBXFileReference; lastKnownFileType = sourcecode.swift; path = ImpetusUITestsLaunchTests.swift; sourceTree = "<group>"; };
		F81FD6A228110FA200C86B6D /* ProductRow.swift */ = {isa = PBXFileReference; lastKnownFileType = sourcecode.swift; path = ProductRow.swift; sourceTree = "<group>"; };
		F81FD6A428110FE900C86B6D /* ProductDetail.swift */ = {isa = PBXFileReference; lastKnownFileType = sourcecode.swift; path = ProductDetail.swift; sourceTree = "<group>"; };
		F81FD6AB2811108100C86B6D /* Model.swift */ = {isa = PBXFileReference; fileEncoding = 4; lastKnownFileType = sourcecode.swift; path = Model.swift; sourceTree = "<group>"; };
		F81FD6AC2811108100C86B6D /* ApiService.swift */ = {isa = PBXFileReference; fileEncoding = 4; lastKnownFileType = sourcecode.swift; path = ApiService.swift; sourceTree = "<group>"; };
		F81FD6B0281110D600C86B6D /* Assets.xcassets */ = {isa = PBXFileReference; lastKnownFileType = folder.assetcatalog; name = Assets.xcassets; path = "../../Impetus Internship App/Impetus_Internship_App-main/Impetus_Internship_App/Assets.xcassets"; sourceTree = "<group>"; };
		F81FD6B2281110F400C86B6D /* products.json */ = {isa = PBXFileReference; fileEncoding = 4; lastKnownFileType = text.json; path = products.json; sourceTree = "<group>"; };
		F81FD6B62811130900C86B6D /* Info.plist */ = {isa = PBXFileReference; lastKnownFileType = text.plist.xml; path = Info.plist; sourceTree = "<group>"; };
		F8DA13062811144600858706 /* PlayfairDisplay-Bold.ttf */ = {isa = PBXFileReference; lastKnownFileType = file; path = "PlayfairDisplay-Bold.ttf"; sourceTree = "<group>"; };
		F8DA13072811144600858706 /* PlayfairDisplay-Regular.ttf */ = {isa = PBXFileReference; lastKnownFileType = file; path = "PlayfairDisplay-Regular.ttf"; sourceTree = "<group>"; };
		F8DA130A28112F9500858706 /* GoogleService-Info.plist */ = {isa = PBXFileReference; fileEncoding = 4; lastKnownFileType = text.plist.xml; path = "GoogleService-Info.plist"; sourceTree = "<group>"; };
/* End PBXFileReference section */

/* Begin PBXFrameworksBuildPhase section */
		F81FD66E28110EE400C86B6D /* Frameworks */ = {
			isa = PBXFrameworksBuildPhase;
			buildActionMask = 2147483647;
			files = (
				F8DA130E2811313300858706 /* FirebaseAnalytics in Frameworks */,
				F8DA13102811313300858706 /* FirebaseAuth in Frameworks */,
				F8DA13182811555700858706 /* AlertToast in Frameworks */,
				F81FD6A028110F6400C86B6D /* Kingfisher in Frameworks */,
			);
			runOnlyForDeploymentPostprocessing = 0;
		};
		F81FD67E28110EE500C86B6D /* Frameworks */ = {
			isa = PBXFrameworksBuildPhase;
			buildActionMask = 2147483647;
			files = (
			);
			runOnlyForDeploymentPostprocessing = 0;
		};
		F81FD68828110EE500C86B6D /* Frameworks */ = {
			isa = PBXFrameworksBuildPhase;
			buildActionMask = 2147483647;
			files = (
			);
			runOnlyForDeploymentPostprocessing = 0;
		};
/* End PBXFrameworksBuildPhase section */

/* Begin PBXGroup section */
		F81FD66828110EE400C86B6D = {
			isa = PBXGroup;
			children = (
				F81FD67328110EE400C86B6D /* Impetus */,
				F81FD68428110EE500C86B6D /* ImpetusTests */,
				F81FD68E28110EE500C86B6D /* ImpetusUITests */,
				F81FD67228110EE400C86B6D /* Products */,
			);
			sourceTree = "<group>";
		};
		F81FD67228110EE400C86B6D /* Products */ = {
			isa = PBXGroup;
			children = (
				F81FD67128110EE400C86B6D /* Impetus.app */,
				F81FD68128110EE500C86B6D /* ImpetusTests.xctest */,
				F81FD68B28110EE500C86B6D /* ImpetusUITests.xctest */,
			);
			name = Products;
			sourceTree = "<group>";
		};
		F81FD67328110EE400C86B6D /* Impetus */ = {
			isa = PBXGroup;
			children = (
				F81FD6AF281110BF00C86B6D /* Resources */,
				F81FD6AA2811105800C86B6D /* Rest_API */,
				F81FD6A128110F8A00C86B6D /* Views */,
				F81FD67428110EE400C86B6D /* ImpetusApp.swift */,
				F81FD6B0281110D600C86B6D /* Assets.xcassets */,
				F8DA13052811142800858706 /* Fonts */,
				F81FD67A28110EE500C86B6D /* Preview Content */,
				F81FD6B62811130900C86B6D /* Info.plist */,
				F8DA130A28112F9500858706 /* GoogleService-Info.plist */,
			);
			path = Impetus;
			sourceTree = "<group>";
		};
		F81FD67A28110EE500C86B6D /* Preview Content */ = {
			isa = PBXGroup;
			children = (
				F81FD67B28110EE500C86B6D /* Preview Assets.xcassets */,
			);
			path = "Preview Content";
			sourceTree = "<group>";
		};
		F81FD68428110EE500C86B6D /* ImpetusTests */ = {
			isa = PBXGroup;
			children = (
				F81FD68528110EE500C86B6D /* ImpetusTests.swift */,
			);
			path = ImpetusTests;
			sourceTree = "<group>";
		};
		F81FD68E28110EE500C86B6D /* ImpetusUITests */ = {
			isa = PBXGroup;
			children = (
				F81FD68F28110EE500C86B6D /* ImpetusUITests.swift */,
				F81FD69128110EE500C86B6D /* ImpetusUITestsLaunchTests.swift */,
			);
			path = ImpetusUITests;
			sourceTree = "<group>";
		};
		F81FD6A128110F8A00C86B6D /* Views */ = {
			isa = PBXGroup;
			children = (
				F81FD67628110EE400C86B6D /* ContentView.swift */,
				F81FD6A228110FA200C86B6D /* ProductRow.swift */,
				F81FD6A428110FE900C86B6D /* ProductDetail.swift */,
				F805847E2813BB8F00982065 /* CheckBoxView.swift */,
			);
			path = Views;
			sourceTree = "<group>";
		};
		F81FD6AA2811105800C86B6D /* Rest_API */ = {
			isa = PBXGroup;
			children = (
				F81FD6AC2811108100C86B6D /* ApiService.swift */,
				F81FD6AB2811108100C86B6D /* Model.swift */,
			);
			path = Rest_API;
			sourceTree = "<group>";
		};
		F81FD6AF281110BF00C86B6D /* Resources */ = {
			isa = PBXGroup;
			children = (
				F81FD6B2281110F400C86B6D /* products.json */,
			);
			path = Resources;
			sourceTree = "<group>";
		};
		F8DA13052811142800858706 /* Fonts */ = {
			isa = PBXGroup;
			children = (
				F8DA13062811144600858706 /* PlayfairDisplay-Bold.ttf */,
				F8DA13072811144600858706 /* PlayfairDisplay-Regular.ttf */,
			);
			path = Fonts;
			sourceTree = "<group>";
		};
/* End PBXGroup section */

/* Begin PBXNativeTarget section */
		F81FD67028110EE400C86B6D /* Impetus */ = {
			isa = PBXNativeTarget;
			buildConfigurationList = F81FD69528110EE500C86B6D /* Build configuration list for PBXNativeTarget "Impetus" */;
			buildPhases = (
				F81FD66D28110EE400C86B6D /* Sources */,
				F81FD66E28110EE400C86B6D /* Frameworks */,
				F81FD66F28110EE400C86B6D /* Resources */,
			);
			buildRules = (
			);
			dependencies = (
			);
			name = Impetus;
			packageProductDependencies = (
				F81FD69F28110F6400C86B6D /* Kingfisher */,
				F8DA130D2811313300858706 /* FirebaseAnalytics */,
				F8DA130F2811313300858706 /* FirebaseAuth */,
				F8DA13172811555700858706 /* AlertToast */,
			);
			productName = Impetus;
			productReference = F81FD67128110EE400C86B6D /* Impetus.app */;
			productType = "com.apple.product-type.application";
		};
		F81FD68028110EE500C86B6D /* ImpetusTests */ = {
			isa = PBXNativeTarget;
			buildConfigurationList = F81FD69828110EE500C86B6D /* Build configuration list for PBXNativeTarget "ImpetusTests" */;
			buildPhases = (
				F81FD67D28110EE500C86B6D /* Sources */,
				F81FD67E28110EE500C86B6D /* Frameworks */,
				F81FD67F28110EE500C86B6D /* Resources */,
			);
			buildRules = (
			);
			dependencies = (
				F81FD68328110EE500C86B6D /* PBXTargetDependency */,
			);
			name = ImpetusTests;
			productName = ImpetusTests;
			productReference = F81FD68128110EE500C86B6D /* ImpetusTests.xctest */;
			productType = "com.apple.product-type.bundle.unit-test";
		};
		F81FD68A28110EE500C86B6D /* ImpetusUITests */ = {
			isa = PBXNativeTarget;
			buildConfigurationList = F81FD69B28110EE500C86B6D /* Build configuration list for PBXNativeTarget "ImpetusUITests" */;
			buildPhases = (
				F81FD68728110EE500C86B6D /* Sources */,
				F81FD68828110EE500C86B6D /* Frameworks */,
				F81FD68928110EE500C86B6D /* Resources */,
			);
			buildRules = (
			);
			dependencies = (
				F81FD68D28110EE500C86B6D /* PBXTargetDependency */,
			);
			name = ImpetusUITests;
			productName = ImpetusUITests;
			productReference = F81FD68B28110EE500C86B6D /* ImpetusUITests.xctest */;
			productType = "com.apple.product-type.bundle.ui-testing";
		};
/* End PBXNativeTarget section */

/* Begin PBXProject section */
		F81FD66928110EE400C86B6D /* Project object */ = {
			isa = PBXProject;
			attributes = {
				BuildIndependentTargetsInParallel = 1;
				LastSwiftUpdateCheck = 1330;
				LastUpgradeCheck = 1330;
				TargetAttributes = {
					F81FD67028110EE400C86B6D = {
						CreatedOnToolsVersion = 13.3.1;
					};
					F81FD68028110EE500C86B6D = {
						CreatedOnToolsVersion = 13.3.1;
						TestTargetID = F81FD67028110EE400C86B6D;
					};
					F81FD68A28110EE500C86B6D = {
						CreatedOnToolsVersion = 13.3.1;
						TestTargetID = F81FD67028110EE400C86B6D;
					};
				};
			};
			buildConfigurationList = F81FD66C28110EE400C86B6D /* Build configuration list for PBXProject "Impetus" */;
			compatibilityVersion = "Xcode 13.0";
			developmentRegion = en;
			hasScannedForEncodings = 0;
			knownRegions = (
				en,
				Base,
			);
			mainGroup = F81FD66828110EE400C86B6D;
			packageReferences = (
				F81FD69E28110F6400C86B6D /* XCRemoteSwiftPackageReference "Kingfisher" */,
				F8DA130C2811313300858706 /* XCRemoteSwiftPackageReference "firebase-ios-sdk" */,
				F8DA13162811555700858706 /* XCRemoteSwiftPackageReference "AlertToast" */,
			);
			productRefGroup = F81FD67228110EE400C86B6D /* Products */;
			projectDirPath = "";
			projectRoot = "";
			targets = (
				F81FD67028110EE400C86B6D /* Impetus */,
				F81FD68028110EE500C86B6D /* ImpetusTests */,
				F81FD68A28110EE500C86B6D /* ImpetusUITests */,
			);
		};
/* End PBXProject section */

/* Begin PBXResourcesBuildPhase section */
		F81FD66F28110EE400C86B6D /* Resources */ = {
			isa = PBXResourcesBuildPhase;
			buildActionMask = 2147483647;
			files = (
				F8DA13092811144600858706 /* PlayfairDisplay-Regular.ttf in Resources */,
				F8DA13082811144600858706 /* PlayfairDisplay-Bold.ttf in Resources */,
				F81FD6B3281110F400C86B6D /* products.json in Resources */,
				F81FD67C28110EE500C86B6D /* Preview Assets.xcassets in Resources */,
				F81FD6B1281110D600C86B6D /* Assets.xcassets in Resources */,
				F8DA130B28112F9500858706 /* GoogleService-Info.plist in Resources */,
			);
			runOnlyForDeploymentPostprocessing = 0;
		};
		F81FD67F28110EE500C86B6D /* Resources */ = {
			isa = PBXResourcesBuildPhase;
			buildActionMask = 2147483647;
			files = (
			);
			runOnlyForDeploymentPostprocessing = 0;
		};
		F81FD68928110EE500C86B6D /* Resources */ = {
			isa = PBXResourcesBuildPhase;
			buildActionMask = 2147483647;
			files = (
			);
			runOnlyForDeploymentPostprocessing = 0;
		};
/* End PBXResourcesBuildPhase section */

/* Begin PBXSourcesBuildPhase section */
		F81FD66D28110EE400C86B6D /* Sources */ = {
			isa = PBXSourcesBuildPhase;
			buildActionMask = 2147483647;
			files = (
				F805847F2813BB8F00982065 /* CheckBoxView.swift in Sources */,
				F81FD6AD2811108100C86B6D /* Model.swift in Sources */,
				F81FD67728110EE400C86B6D /* ContentView.swift in Sources */,
				F81FD6AE2811108100C86B6D /* ApiService.swift in Sources */,
				F81FD67528110EE400C86B6D /* ImpetusApp.swift in Sources */,
				F81FD6A528110FE900C86B6D /* ProductDetail.swift in Sources */,
				F81FD6A328110FA200C86B6D /* ProductRow.swift in Sources */,
			);
			runOnlyForDeploymentPostprocessing = 0;
		};
		F81FD67D28110EE500C86B6D /* Sources */ = {
			isa = PBXSourcesBuildPhase;
			buildActionMask = 2147483647;
			files = (
				F81FD68628110EE500C86B6D /* ImpetusTests.swift in Sources */,
			);
			runOnlyForDeploymentPostprocessing = 0;
		};
		F81FD68728110EE500C86B6D /* Sources */ = {
			isa = PBXSourcesBuildPhase;
			buildActionMask = 2147483647;
			files = (
				F81FD69228110EE500C86B6D /* ImpetusUITestsLaunchTests.swift in Sources */,
				F81FD69028110EE500C86B6D /* ImpetusUITests.swift in Sources */,
			);
			runOnlyForDeploymentPostprocessing = 0;
		};
/* End PBXSourcesBuildPhase section */

/* Begin PBXTargetDependency section */
		F81FD68328110EE500C86B6D /* PBXTargetDependency */ = {
			isa = PBXTargetDependency;
			target = F81FD67028110EE400C86B6D /* Impetus */;
			targetProxy = F81FD68228110EE500C86B6D /* PBXContainerItemProxy */;
		};
		F81FD68D28110EE500C86B6D /* PBXTargetDependency */ = {
			isa = PBXTargetDependency;
			target = F81FD67028110EE400C86B6D /* Impetus */;
			targetProxy = F81FD68C28110EE500C86B6D /* PBXContainerItemProxy */;
		};
/* End PBXTargetDependency section */

/* Begin XCBuildConfiguration section */
		F81FD69328110EE500C86B6D /* Debug */ = {
			isa = XCBuildConfiguration;
			buildSettings = {
				ALWAYS_SEARCH_USER_PATHS = NO;
				CLANG_ANALYZER_NONNULL = YES;
				CLANG_ANALYZER_NUMBER_OBJECT_CONVERSION = YES_AGGRESSIVE;
				CLANG_CXX_LANGUAGE_STANDARD = "gnu++17";
				CLANG_ENABLE_MODULES = YES;
				CLANG_ENABLE_OBJC_ARC = YES;
				CLANG_ENABLE_OBJC_WEAK = YES;
				CLANG_WARN_BLOCK_CAPTURE_AUTORELEASING = YES;
				CLANG_WARN_BOOL_CONVERSION = YES;
				CLANG_WARN_COMMA = YES;
				CLANG_WARN_CONSTANT_CONVERSION = YES;
				CLANG_WARN_DEPRECATED_OBJC_IMPLEMENTATIONS = YES;
				CLANG_WARN_DIRECT_OBJC_ISA_USAGE = YES_ERROR;
				CLANG_WARN_DOCUMENTATION_COMMENTS = YES;
				CLANG_WARN_EMPTY_BODY = YES;
				CLANG_WARN_ENUM_CONVERSION = YES;
				CLANG_WARN_INFINITE_RECURSION = YES;
				CLANG_WARN_INT_CONVERSION = YES;
				CLANG_WARN_NON_LITERAL_NULL_CONVERSION = YES;
				CLANG_WARN_OBJC_IMPLICIT_RETAIN_SELF = YES;
				CLANG_WARN_OBJC_LITERAL_CONVERSION = YES;
				CLANG_WARN_OBJC_ROOT_CLASS = YES_ERROR;
				CLANG_WARN_QUOTED_INCLUDE_IN_FRAMEWORK_HEADER = YES;
				CLANG_WARN_RANGE_LOOP_ANALYSIS = YES;
				CLANG_WARN_STRICT_PROTOTYPES = YES;
				CLANG_WARN_SUSPICIOUS_MOVE = YES;
				CLANG_WARN_UNGUARDED_AVAILABILITY = YES_AGGRESSIVE;
				CLANG_WARN_UNREACHABLE_CODE = YES;
				CLANG_WARN__DUPLICATE_METHOD_MATCH = YES;
				COPY_PHASE_STRIP = NO;
				DEBUG_INFORMATION_FORMAT = dwarf;
				ENABLE_STRICT_OBJC_MSGSEND = YES;
				ENABLE_TESTABILITY = YES;
				GCC_C_LANGUAGE_STANDARD = gnu11;
				GCC_DYNAMIC_NO_PIC = NO;
				GCC_NO_COMMON_BLOCKS = YES;
				GCC_OPTIMIZATION_LEVEL = 0;
				GCC_PREPROCESSOR_DEFINITIONS = (
					"DEBUG=1",
					"$(inherited)",
				);
				GCC_WARN_64_TO_32_BIT_CONVERSION = YES;
				GCC_WARN_ABOUT_RETURN_TYPE = YES_ERROR;
				GCC_WARN_UNDECLARED_SELECTOR = YES;
				GCC_WARN_UNINITIALIZED_AUTOS = YES_AGGRESSIVE;
				GCC_WARN_UNUSED_FUNCTION = YES;
				GCC_WARN_UNUSED_VARIABLE = YES;
				IPHONEOS_DEPLOYMENT_TARGET = 15.4;
				MTL_ENABLE_DEBUG_INFO = INCLUDE_SOURCE;
				MTL_FAST_MATH = YES;
				ONLY_ACTIVE_ARCH = YES;
				SDKROOT = iphoneos;
				SWIFT_ACTIVE_COMPILATION_CONDITIONS = DEBUG;
				SWIFT_OPTIMIZATION_LEVEL = "-Onone";
			};
			name = Debug;
		};
		F81FD69428110EE500C86B6D /* Release */ = {
			isa = XCBuildConfiguration;
			buildSettings = {
				ALWAYS_SEARCH_USER_PATHS = NO;
				CLANG_ANALYZER_NONNULL = YES;
				CLANG_ANALYZER_NUMBER_OBJECT_CONVERSION = YES_AGGRESSIVE;
				CLANG_CXX_LANGUAGE_STANDARD = "gnu++17";
				CLANG_ENABLE_MODULES = YES;
				CLANG_ENABLE_OBJC_ARC = YES;
				CLANG_ENABLE_OBJC_WEAK = YES;
				CLANG_WARN_BLOCK_CAPTURE_AUTORELEASING = YES;
				CLANG_WARN_BOOL_CONVERSION = YES;
				CLANG_WARN_COMMA = YES;
				CLANG_WARN_CONSTANT_CONVERSION = YES;
				CLANG_WARN_DEPRECATED_OBJC_IMPLEMENTATIONS = YES;
				CLANG_WARN_DIRECT_OBJC_ISA_USAGE = YES_ERROR;
				CLANG_WARN_DOCUMENTATION_COMMENTS = YES;
				CLANG_WARN_EMPTY_BODY = YES;
				CLANG_WARN_ENUM_CONVERSION = YES;
				CLANG_WARN_INFINITE_RECURSION = YES;
				CLANG_WARN_INT_CONVERSION = YES;
				CLANG_WARN_NON_LITERAL_NULL_CONVERSION = YES;
				CLANG_WARN_OBJC_IMPLICIT_RETAIN_SELF = YES;
				CLANG_WARN_OBJC_LITERAL_CONVERSION = YES;
				CLANG_WARN_OBJC_ROOT_CLASS = YES_ERROR;
				CLANG_WARN_QUOTED_INCLUDE_IN_FRAMEWORK_HEADER = YES;
				CLANG_WARN_RANGE_LOOP_ANALYSIS = YES;
				CLANG_WARN_STRICT_PROTOTYPES = YES;
				CLANG_WARN_SUSPICIOUS_MOVE = YES;
				CLANG_WARN_UNGUARDED_AVAILABILITY = YES_AGGRESSIVE;
				CLANG_WARN_UNREACHABLE_CODE = YES;
				CLANG_WARN__DUPLICATE_METHOD_MATCH = YES;
				COPY_PHASE_STRIP = NO;
				DEBUG_INFORMATION_FORMAT = "dwarf-with-dsym";
				ENABLE_NS_ASSERTIONS = NO;
				ENABLE_STRICT_OBJC_MSGSEND = YES;
				GCC_C_LANGUAGE_STANDARD = gnu11;
				GCC_NO_COMMON_BLOCKS = YES;
				GCC_WARN_64_TO_32_BIT_CONVERSION = YES;
				GCC_WARN_ABOUT_RETURN_TYPE = YES_ERROR;
				GCC_WARN_UNDECLARED_SELECTOR = YES;
				GCC_WARN_UNINITIALIZED_AUTOS = YES_AGGRESSIVE;
				GCC_WARN_UNUSED_FUNCTION = YES;
				GCC_WARN_UNUSED_VARIABLE = YES;
				IPHONEOS_DEPLOYMENT_TARGET = 15.4;
				MTL_ENABLE_DEBUG_INFO = NO;
				MTL_FAST_MATH = YES;
				SDKROOT = iphoneos;
				SWIFT_COMPILATION_MODE = wholemodule;
				SWIFT_OPTIMIZATION_LEVEL = "-O";
				VALIDATE_PRODUCT = YES;
			};
			name = Release;
		};
		F81FD69628110EE500C86B6D /* Debug */ = {
			isa = XCBuildConfiguration;
			buildSettings = {
				ASSETCATALOG_COMPILER_APPICON_NAME = AppIcon;
				ASSETCATALOG_COMPILER_GLOBAL_ACCENT_COLOR_NAME = AccentColor;
				CODE_SIGN_STYLE = Automatic;
				CURRENT_PROJECT_VERSION = 1;
				DEVELOPMENT_ASSET_PATHS = "\"Impetus/Preview Content\"";
				ENABLE_PREVIEWS = YES;
				GENERATE_INFOPLIST_FILE = YES;
				INFOPLIST_FILE = Impetus/Info.plist;
				INFOPLIST_KEY_UIApplicationSceneManifest_Generation = YES;
				INFOPLIST_KEY_UIApplicationSupportsIndirectInputEvents = YES;
				INFOPLIST_KEY_UILaunchScreen_Generation = YES;
				INFOPLIST_KEY_UISupportedInterfaceOrientations = UIInterfaceOrientationPortrait;
				INFOPLIST_KEY_UISupportedInterfaceOrientations_iPad = "UIInterfaceOrientationPortrait UIInterfaceOrientationPortraitUpsideDown UIInterfaceOrientationLandscapeLeft UIInterfaceOrientationLandscapeRight";
				INFOPLIST_KEY_UISupportedInterfaceOrientations_iPhone = "UIInterfaceOrientationPortrait UIInterfaceOrientationLandscapeLeft UIInterfaceOrientationLandscapeRight";
				LD_RUNPATH_SEARCH_PATHS = (
					"$(inherited)",
					"@executable_path/Frameworks",
				);
				MARKETING_VERSION = 1.0;
				PRODUCT_BUNDLE_IDENTIFIER = com.impetus.Impetus;
				PRODUCT_NAME = "$(TARGET_NAME)";
				SWIFT_EMIT_LOC_STRINGS = YES;
				SWIFT_VERSION = 5.0;
				TARGETED_DEVICE_FAMILY = "1,2";
			};
			name = Debug;
		};
		F81FD69728110EE500C86B6D /* Release */ = {
			isa = XCBuildConfiguration;
			buildSettings = {
				ASSETCATALOG_COMPILER_APPICON_NAME = AppIcon;
				ASSETCATALOG_COMPILER_GLOBAL_ACCENT_COLOR_NAME = AccentColor;
				CODE_SIGN_STYLE = Automatic;
				CURRENT_PROJECT_VERSION = 1;
				DEVELOPMENT_ASSET_PATHS = "\"Impetus/Preview Content\"";
				ENABLE_PREVIEWS = YES;
				GENERATE_INFOPLIST_FILE = YES;
				INFOPLIST_FILE = Impetus/Info.plist;
				INFOPLIST_KEY_UIApplicationSceneManifest_Generation = YES;
				INFOPLIST_KEY_UIApplicationSupportsIndirectInputEvents = YES;
				INFOPLIST_KEY_UILaunchScreen_Generation = YES;
				INFOPLIST_KEY_UISupportedInterfaceOrientations = UIInterfaceOrientationPortrait;
				INFOPLIST_KEY_UISupportedInterfaceOrientations_iPad = "UIInterfaceOrientationPortrait UIInterfaceOrientationPortraitUpsideDown UIInterfaceOrientationLandscapeLeft UIInterfaceOrientationLandscapeRight";
				INFOPLIST_KEY_UISupportedInterfaceOrientations_iPhone = "UIInterfaceOrientationPortrait UIInterfaceOrientationLandscapeLeft UIInterfaceOrientationLandscapeRight";
				LD_RUNPATH_SEARCH_PATHS = (
					"$(inherited)",
					"@executable_path/Frameworks",
				);
				MARKETING_VERSION = 1.0;
				PRODUCT_BUNDLE_IDENTIFIER = com.impetus.Impetus;
				PRODUCT_NAME = "$(TARGET_NAME)";
				SWIFT_EMIT_LOC_STRINGS = YES;
				SWIFT_VERSION = 5.0;
				TARGETED_DEVICE_FAMILY = "1,2";
			};
			name = Release;
		};
		F81FD69928110EE500C86B6D /* Debug */ = {
			isa = XCBuildConfiguration;
			buildSettings = {
				ALWAYS_EMBED_SWIFT_STANDARD_LIBRARIES = YES;
				BUNDLE_LOADER = "$(TEST_HOST)";
				CODE_SIGN_STYLE = Automatic;
				CURRENT_PROJECT_VERSION = 1;
				GENERATE_INFOPLIST_FILE = YES;
				IPHONEOS_DEPLOYMENT_TARGET = 15.4;
				MARKETING_VERSION = 1.0;
				PRODUCT_BUNDLE_IDENTIFIER = com.impetus.ImpetusTests;
				PRODUCT_NAME = "$(TARGET_NAME)";
				SWIFT_EMIT_LOC_STRINGS = NO;
				SWIFT_VERSION = 5.0;
				TARGETED_DEVICE_FAMILY = "1,2";
				TEST_HOST = "$(BUILT_PRODUCTS_DIR)/Impetus.app/Impetus";
			};
			name = Debug;
		};
		F81FD69A28110EE500C86B6D /* Release */ = {
			isa = XCBuildConfiguration;
			buildSettings = {
				ALWAYS_EMBED_SWIFT_STANDARD_LIBRARIES = YES;
				BUNDLE_LOADER = "$(TEST_HOST)";
				CODE_SIGN_STYLE = Automatic;
				CURRENT_PROJECT_VERSION = 1;
				GENERATE_INFOPLIST_FILE = YES;
				IPHONEOS_DEPLOYMENT_TARGET = 15.4;
				MARKETING_VERSION = 1.0;
				PRODUCT_BUNDLE_IDENTIFIER = com.impetus.ImpetusTests;
				PRODUCT_NAME = "$(TARGET_NAME)";
				SWIFT_EMIT_LOC_STRINGS = NO;
				SWIFT_VERSION = 5.0;
				TARGETED_DEVICE_FAMILY = "1,2";
				TEST_HOST = "$(BUILT_PRODUCTS_DIR)/Impetus.app/Impetus";
			};
			name = Release;
		};
		F81FD69C28110EE500C86B6D /* Debug */ = {
			isa = XCBuildConfiguration;
			buildSettings = {
				ALWAYS_EMBED_SWIFT_STANDARD_LIBRARIES = YES;
				CODE_SIGN_STYLE = Automatic;
				CURRENT_PROJECT_VERSION = 1;
				GENERATE_INFOPLIST_FILE = YES;
				MARKETING_VERSION = 1.0;
				PRODUCT_BUNDLE_IDENTIFIER = com.impetus.ImpetusUITests;
				PRODUCT_NAME = "$(TARGET_NAME)";
				SWIFT_EMIT_LOC_STRINGS = NO;
				SWIFT_VERSION = 5.0;
				TARGETED_DEVICE_FAMILY = "1,2";
				TEST_TARGET_NAME = Impetus;
			};
			name = Debug;
		};
		F81FD69D28110EE500C86B6D /* Release */ = {
			isa = XCBuildConfiguration;
			buildSettings = {
				ALWAYS_EMBED_SWIFT_STANDARD_LIBRARIES = YES;
				CODE_SIGN_STYLE = Automatic;
				CURRENT_PROJECT_VERSION = 1;
				GENERATE_INFOPLIST_FILE = YES;
				MARKETING_VERSION = 1.0;
				PRODUCT_BUNDLE_IDENTIFIER = com.impetus.ImpetusUITests;
				PRODUCT_NAME = "$(TARGET_NAME)";
				SWIFT_EMIT_LOC_STRINGS = NO;
				SWIFT_VERSION = 5.0;
				TARGETED_DEVICE_FAMILY = "1,2";
				TEST_TARGET_NAME = Impetus;
			};
			name = Release;
		};
/* End XCBuildConfiguration section */

/* Begin XCConfigurationList section */
		F81FD66C28110EE400C86B6D /* Build configuration list for PBXProject "Impetus" */ = {
			isa = XCConfigurationList;
			buildConfigurations = (
				F81FD69328110EE500C86B6D /* Debug */,
				F81FD69428110EE500C86B6D /* Release */,
			);
			defaultConfigurationIsVisible = 0;
			defaultConfigurationName = Release;
		};
		F81FD69528110EE500C86B6D /* Build configuration list for PBXNativeTarget "Impetus" */ = {
			isa = XCConfigurationList;
			buildConfigurations = (
				F81FD69628110EE500C86B6D /* Debug */,
				F81FD69728110EE500C86B6D /* Release */,
			);
			defaultConfigurationIsVisible = 0;
			defaultConfigurationName = Release;
		};
		F81FD69828110EE500C86B6D /* Build configuration list for PBXNativeTarget "ImpetusTests" */ = {
			isa = XCConfigurationList;
			buildConfigurations = (
				F81FD69928110EE500C86B6D /* Debug */,
				F81FD69A28110EE500C86B6D /* Release */,
			);
			defaultConfigurationIsVisible = 0;
			defaultConfigurationName = Release;
		};
		F81FD69B28110EE500C86B6D /* Build configuration list for PBXNativeTarget "ImpetusUITests" */ = {
			isa = XCConfigurationList;
			buildConfigurations = (
				F81FD69C28110EE500C86B6D /* Debug */,
				F81FD69D28110EE500C86B6D /* Release */,
			);
			defaultConfigurationIsVisible = 0;
			defaultConfigurationName = Release;
		};
/* End XCConfigurationList section */

/* Begin XCRemoteSwiftPackageReference section */
		F81FD69E28110F6400C86B6D /* XCRemoteSwiftPackageReference "Kingfisher" */ = {
			isa = XCRemoteSwiftPackageReference;
			repositoryURL = "https://github.com/onevcat/Kingfisher.git";
			requirement = {
				branch = master;
				kind = branch;
			};
		};
		F8DA130C2811313300858706 /* XCRemoteSwiftPackageReference "firebase-ios-sdk" */ = {
			isa = XCRemoteSwiftPackageReference;
			repositoryURL = "https://github.com/firebase/firebase-ios-sdk";
			requirement = {
				kind = upToNextMajorVersion;
				minimumVersion = 8.0.0;
			};
		};
		F8DA13162811555700858706 /* XCRemoteSwiftPackageReference "AlertToast" */ = {
			isa = XCRemoteSwiftPackageReference;
			repositoryURL = "https://github.com/elai950/AlertToast.git";
			requirement = {
				kind = upToNextMajorVersion;
				minimumVersion = 1.0.0;
			};
		};
/* End XCRemoteSwiftPackageReference section */

/* Begin XCSwiftPackageProductDependency section */
		F81FD69F28110F6400C86B6D /* Kingfisher */ = {
			isa = XCSwiftPackageProductDependency;
			package = F81FD69E28110F6400C86B6D /* XCRemoteSwiftPackageReference "Kingfisher" */;
			productName = Kingfisher;
		};
		F8DA130D2811313300858706 /* FirebaseAnalytics */ = {
			isa = XCSwiftPackageProductDependency;
			package = F8DA130C2811313300858706 /* XCRemoteSwiftPackageReference "firebase-ios-sdk" */;
			productName = FirebaseAnalytics;
		};
		F8DA130F2811313300858706 /* FirebaseAuth */ = {
			isa = XCSwiftPackageProductDependency;
			package = F8DA130C2811313300858706 /* XCRemoteSwiftPackageReference "firebase-ios-sdk" */;
			productName = FirebaseAuth;
		};
		F8DA13172811555700858706 /* AlertToast */ = {
			isa = XCSwiftPackageProductDependency;
			package = F8DA13162811555700858706 /* XCRemoteSwiftPackageReference "AlertToast" */;
			productName = AlertToast;
		};
/* End XCSwiftPackageProductDependency section */
	};
	rootObject = F81FD66928110EE400C86B6D /* Project object */;
}
